
Microsoft Visual Studio Solution File, Format Version 12.00
# Visual Studio 14
VisualStudioVersion = 14.0.23107.0
MinimumVisualStudioVersion = 10.0.40219.1
Project("{FAE04EC0-301F-11D3-BF4B-00C04F79EFBC}") = "MiracleMachine", "MiracleMachine\MiracleMachine.csproj", "{30136981-4851-493E-A19B-3EFB7F1B4033}"
EndProject
Project("{FAE04EC0-301F-11D3-BF4B-00C04F79EFBC}") = "MiracleMachine.data", "MiracleMachine.data\MiracleMachine.data.csproj", "{08CA3532-BE98-4067-A29F-1475C3555B24}"
EndProject
Project("{FAE04EC0-301F-11D3-BF4B-00C04F79EFBC}") = "MiracleMachine.data.models", "MiracleMachine.data.models\MiracleMachine.data.models.csproj", "{5943A623-5A48-43BA-9C50-4BB9FACECF15}"
EndProject
Global
	GlobalSection(SolutionConfigurationPlatforms) = preSolution
		Debug|Any CPU = Debug|Any CPU
		Release|Any CPU = Release|Any CPU
	EndGlobalSection
	GlobalSection(ProjectConfigurationPlatforms) = postSolution
		{30136981-4851-493E-A19B-3EFB7F1B4033}.Debug|Any CPU.ActiveCfg = Debug|Any CPU
		{30136981-4851-493E-A19B-3EFB7F1B4033}.Debug|Any CPU.Build.0 = Debug|Any CPU
		{30136981-4851-493E-A19B-3EFB7F1B4033}.Release|Any CPU.ActiveCfg = Release|Any CPU
		{30136981-4851-493E-A19B-3EFB7F1B4033}.Release|Any CPU.Build.0 = Release|Any CPU
		{08CA3532-BE98-4067-A29F-1475C3555B24}.Debug|Any CPU.ActiveCfg = Debug|Any CPU
		{08CA3532-BE98-4067-A29F-1475C3555B24}.Debug|Any CPU.Build.0 = Debug|Any CPU
		{08CA3532-BE98-4067-A29F-1475C3555B24}.Release|Any CPU.ActiveCfg = Release|Any CPU
		{08CA3532-BE98-4067-A29F-1475C3555B24}.Release|Any CPU.Build.0 = Release|Any CPU
		{5943A623-5A48-43BA-9C50-4BB9FACECF15}.Debug|Any CPU.ActiveCfg = Debug|Any CPU
		{5943A623-5A48-43BA-9C50-4BB9FACECF15}.Debug|Any CPU.Build.0 = Debug|Any CPU
		{5943A623-5A48-43BA-9C50-4BB9FACECF15}.Release|Any CPU.ActiveCfg = Release|Any CPU
		{5943A623-5A48-43BA-9C50-4BB9FACECF15}.Release|Any CPU.Build.0 = Release|Any CPU
	EndGlobalSection
	GlobalSection(SolutionProperties) = preSolution
		HideSolutionNode = FALSE
	EndGlobalSection
EndGlobal
